
Microsoft Visual Studio Solution File, Format Version 12.00
# Visual Studio Version 17
VisualStudioVersion = 17.7.34018.315
MinimumVisualStudioVersion = 10.0.40219.1
Project("{9A19103F-16F7-4668-BE54-9A1E7A4F7556}") = "MISA.Web.API", "MISA.Web.API\MISA.Web.API.csproj", "{1CA0CE47-3217-4847-8426-242801034F1C}"
EndProject
Project("{9A19103F-16F7-4668-BE54-9A1E7A4F7556}") = "MISA.Web.Core", "MISA.Web.Core\MISA.Web.Core.csproj", "{C0FCC7B1-EB4B-4226-BCD8-3B386A7239C6}"
EndProject
Project("{9A19103F-16F7-4668-BE54-9A1E7A4F7556}") = "MISA.Web.Infrastructure", "MISA.Web.Infrastructure\MISA.Web.Infrastructure.csproj", "{1C00D91C-E3C4-4CFD-856A-46C8EF1E241B}"
EndProject
Project("{FAE04EC0-301F-11D3-BF4B-00C04F79EFBC}") = "MISA.Web.API.Tests", "MISA.Web.API.Tests\MISA.Web.API.Tests.csproj", "{B02F0782-6B8B-413B-9589-45D903A2FE2D}"
EndProject
Global
	GlobalSection(SolutionConfigurationPlatforms) = preSolution
		Debug|Any CPU = Debug|Any CPU
		Release|Any CPU = Release|Any CPU
	EndGlobalSection
	GlobalSection(ProjectConfigurationPlatforms) = postSolution
		{1CA0CE47-3217-4847-8426-242801034F1C}.Debug|Any CPU.ActiveCfg = Debug|Any CPU
		{1CA0CE47-3217-4847-8426-242801034F1C}.Debug|Any CPU.Build.0 = Debug|Any CPU
		{1CA0CE47-3217-4847-8426-242801034F1C}.Release|Any CPU.ActiveCfg = Release|Any CPU
		{1CA0CE47-3217-4847-8426-242801034F1C}.Release|Any CPU.Build.0 = Release|Any CPU
		{C0FCC7B1-EB4B-4226-BCD8-3B386A7239C6}.Debug|Any CPU.ActiveCfg = Debug|Any CPU
		{C0FCC7B1-EB4B-4226-BCD8-3B386A7239C6}.Debug|Any CPU.Build.0 = Debug|Any CPU
		{C0FCC7B1-EB4B-4226-BCD8-3B386A7239C6}.Release|Any CPU.ActiveCfg = Release|Any CPU
		{C0FCC7B1-EB4B-4226-BCD8-3B386A7239C6}.Release|Any CPU.Build.0 = Release|Any CPU
		{1C00D91C-E3C4-4CFD-856A-46C8EF1E241B}.Debug|Any CPU.ActiveCfg = Debug|Any CPU
		{1C00D91C-E3C4-4CFD-856A-46C8EF1E241B}.Debug|Any CPU.Build.0 = Debug|Any CPU
		{1C00D91C-E3C4-4CFD-856A-46C8EF1E241B}.Release|Any CPU.ActiveCfg = Release|Any CPU
		{1C00D91C-E3C4-4CFD-856A-46C8EF1E241B}.Release|Any CPU.Build.0 = Release|Any CPU
		{B02F0782-6B8B-413B-9589-45D903A2FE2D}.Debug|Any CPU.ActiveCfg = Debug|Any CPU
		{B02F0782-6B8B-413B-9589-45D903A2FE2D}.Debug|Any CPU.Build.0 = Debug|Any CPU
		{B02F0782-6B8B-413B-9589-45D903A2FE2D}.Release|Any CPU.ActiveCfg = Release|Any CPU
		{B02F0782-6B8B-413B-9589-45D903A2FE2D}.Release|Any CPU.Build.0 = Release|Any CPU
	EndGlobalSection
	GlobalSection(SolutionProperties) = preSolution
		HideSolutionNode = FALSE
	EndGlobalSection
	GlobalSection(ExtensibilityGlobals) = postSolution
		SolutionGuid = {CD880C54-25AF-4752-BA5F-54D56FE52A96}
	EndGlobalSection
EndGlobal
